
Microsoft Visual Studio Solution File, Format Version 12.00
# Visual Studio Version 16
VisualStudioVersion = 16.0.31112.23
MinimumVisualStudioVersion = 10.0.40219.1
Project("{FAE04EC0-301F-11D3-BF4B-00C04F79EFBC}") = "Partie 11 Serialization Json", "Partie 11 Serialization Json.csproj", "{FEDD88F2-73D3-426E-AF5F-116541EDD38E}"
EndProject
Global
	GlobalSection(SolutionConfigurationPlatforms) = preSolution
		Debug|Any CPU = Debug|Any CPU
		Release|Any CPU = Release|Any CPU
	EndGlobalSection
	GlobalSection(ProjectConfigurationPlatforms) = postSolution
		{FEDD88F2-73D3-426E-AF5F-116541EDD38E}.Debug|Any CPU.ActiveCfg = Debug|Any CPU
		{FEDD88F2-73D3-426E-AF5F-116541EDD38E}.Debug|Any CPU.Build.0 = Debug|Any CPU
		{FEDD88F2-73D3-426E-AF5F-116541EDD38E}.Release|Any CPU.ActiveCfg = Release|Any CPU
		{FEDD88F2-73D3-426E-AF5F-116541EDD38E}.Release|Any CPU.Build.0 = Release|Any CPU
	EndGlobalSection
	GlobalSection(SolutionProperties) = preSolution
		HideSolutionNode = FALSE
	EndGlobalSection
	GlobalSection(ExtensibilityGlobals) = postSolution
		SolutionGuid = {5374DE80-C11C-472F-B26A-1F033B3B80ED}
	EndGlobalSection
EndGlobal
